// !$*UTF8*$!
{
	archiveVersion = 1;
	classes = {
	};
	objectVersion = 55;
	objects = {

/* Begin PBXBuildFile section */
		AF8EDC9128AE597700AE1ECF /* Page1MainTableViewCell.swift in Sources */ = {isa = PBXBuildFile; fileRef = AF8EDC8F28AE597700AE1ECF /* Page1MainTableViewCell.swift */; };
		AF8EDC9228AE597700AE1ECF /* Page1MainTableViewCell.xib in Resources */ = {isa = PBXBuildFile; fileRef = AF8EDC9028AE597700AE1ECF /* Page1MainTableViewCell.xib */; };
		D7649D3B2887F97200E3F30A /* AppDelegate.swift in Sources */ = {isa = PBXBuildFile; fileRef = D7649D3A2887F97200E3F30A /* AppDelegate.swift */; };
		D7649D3D2887F97200E3F30A /* SceneDelegate.swift in Sources */ = {isa = PBXBuildFile; fileRef = D7649D3C2887F97200E3F30A /* SceneDelegate.swift */; };
		D7649D3F2887F97200E3F30A /* Page1MainController.swift in Sources */ = {isa = PBXBuildFile; fileRef = D7649D3E2887F97200E3F30A /* Page1MainController.swift */; };
		D7649D422887F97200E3F30A /* Page1Main.storyboard in Resources */ = {isa = PBXBuildFile; fileRef = D7649D402887F97200E3F30A /* Page1Main.storyboard */; };
		D7649D442887F97400E3F30A /* Assets.xcassets in Resources */ = {isa = PBXBuildFile; fileRef = D7649D432887F97400E3F30A /* Assets.xcassets */; };
		D7649D472887F97400E3F30A /* LaunchScreen.storyboard in Resources */ = {isa = PBXBuildFile; fileRef = D7649D452887F97400E3F30A /* LaunchScreen.storyboard */; };
		D7DC801A28ABB152005F7D3B /* Model.swift in Sources */ = {isa = PBXBuildFile; fileRef = D7DC801928ABB152005F7D3B /* Model.swift */; };
/* End PBXBuildFile section */

/* Begin PBXFileReference section */
		AF8EDC8F28AE597700AE1ECF /* Page1MainTableViewCell.swift */ = {isa = PBXFileReference; lastKnownFileType = sourcecode.swift; path = Page1MainTableViewCell.swift; sourceTree = "<group>"; };
		AF8EDC9028AE597700AE1ECF /* Page1MainTableViewCell.xib */ = {isa = PBXFileReference; lastKnownFileType = file.xib; path = Page1MainTableViewCell.xib; sourceTree = "<group>"; };
		D7649D372887F97200E3F30A /* Artistep.app */ = {isa = PBXFileReference; explicitFileType = wrapper.application; includeInIndex = 0; path = Artistep.app; sourceTree = BUILT_PRODUCTS_DIR; };
		D7649D3A2887F97200E3F30A /* AppDelegate.swift */ = {isa = PBXFileReference; lastKnownFileType = sourcecode.swift; path = AppDelegate.swift; sourceTree = "<group>"; };
		D7649D3C2887F97200E3F30A /* SceneDelegate.swift */ = {isa = PBXFileReference; lastKnownFileType = sourcecode.swift; path = SceneDelegate.swift; sourceTree = "<group>"; };
		D7649D3E2887F97200E3F30A /* Page1MainController.swift */ = {isa = PBXFileReference; lastKnownFileType = sourcecode.swift; path = Page1MainController.swift; sourceTree = "<group>"; };
		D7649D412887F97200E3F30A /* Base */ = {isa = PBXFileReference; lastKnownFileType = file.storyboard; name = Base; path = Base.lproj/Page1Main.storyboard; sourceTree = "<group>"; };
		D7649D432887F97400E3F30A /* Assets.xcassets */ = {isa = PBXFileReference; lastKnownFileType = folder.assetcatalog; path = Assets.xcassets; sourceTree = "<group>"; };
		D7649D462887F97400E3F30A /* Base */ = {isa = PBXFileReference; lastKnownFileType = file.storyboard; name = Base; path = Base.lproj/LaunchScreen.storyboard; sourceTree = "<group>"; };
		D7649D482887F97400E3F30A /* Info.plist */ = {isa = PBXFileReference; lastKnownFileType = text.plist.xml; path = Info.plist; sourceTree = "<group>"; };
		D7DC801928ABB152005F7D3B /* Model.swift */ = {isa = PBXFileReference; lastKnownFileType = sourcecode.swift; path = Model.swift; sourceTree = "<group>"; };
/* End PBXFileReference section */

/* Begin PBXFrameworksBuildPhase section */
		D7649D342887F97200E3F30A /* Frameworks */ = {
			isa = PBXFrameworksBuildPhase;
			buildActionMask = 2147483647;
			files = (
			);
			runOnlyForDeploymentPostprocessing = 0;
		};
/* End PBXFrameworksBuildPhase section */

/* Begin PBXGroup section */
		D73D1B5528885997003CBA5B /* Resources */ = {
			isa = PBXGroup;
			children = (
				D7649D482887F97400E3F30A /* Info.plist */,
				D7649D3A2887F97200E3F30A /* AppDelegate.swift */,
				D7649D3C2887F97200E3F30A /* SceneDelegate.swift */,
				D7649D432887F97400E3F30A /* Assets.xcassets */,
			);
			path = Resources;
			sourceTree = "<group>";
		};
		D73D1B56288859A3003CBA5B /* View */ = {
			isa = PBXGroup;
			children = (
				D7649D402887F97200E3F30A /* Page1Main.storyboard */,
				AF8EDC9028AE597700AE1ECF /* Page1MainTableViewCell.xib */,
				AF8EDC8F28AE597700AE1ECF /* Page1MainTableViewCell.swift */,
				D7649D452887F97400E3F30A /* LaunchScreen.storyboard */,
			);
			path = View;
			sourceTree = "<group>";
		};
		D73D1B57288859AA003CBA5B /* Controller */ = {
			isa = PBXGroup;
			children = (
				D7649D3E2887F97200E3F30A /* Page1MainController.swift */,
			);
			path = Controller;
			sourceTree = "<group>";
		};
		D7649D2E2887F97200E3F30A = {
			isa = PBXGroup;
			children = (
				D7649D392887F97200E3F30A /* Artistep */,
				D7649D382887F97200E3F30A /* Products */,
			);
			sourceTree = "<group>";
		};
		D7649D382887F97200E3F30A /* Products */ = {
			isa = PBXGroup;
			children = (
				D7649D372887F97200E3F30A /* Artistep.app */,
			);
			name = Products;
			sourceTree = "<group>";
		};
		D7649D392887F97200E3F30A /* Artistep */ = {
			isa = PBXGroup;
			children = (
				D7DC801828ABAFDF005F7D3B /* Model */,
				D73D1B56288859A3003CBA5B /* View */,
				D73D1B57288859AA003CBA5B /* Controller */,
				D73D1B5528885997003CBA5B /* Resources */,
			);
			path = Artistep;
			sourceTree = "<group>";
		};
		D7DC801828ABAFDF005F7D3B /* Model */ = {
			isa = PBXGroup;
			children = (
				D7DC801928ABB152005F7D3B /* Model.swift */,
			);
			path = Model;
			sourceTree = "<group>";
		};
/* End PBXGroup section */

/* Begin PBXNativeTarget section */
		D7649D362887F97200E3F30A /* Artistep */ = {
			isa = PBXNativeTarget;
			buildConfigurationList = D7649D4B2887F97400E3F30A /* Build configuration list for PBXNativeTarget "Artistep" */;
			buildPhases = (
				D7649D332887F97200E3F30A /* Sources */,
				D7649D342887F97200E3F30A /* Frameworks */,
				D7649D352887F97200E3F30A /* Resources */,
			);
			buildRules = (
			);
			dependencies = (
			);
			name = Artistep;
			productName = Atrtistep;
			productReference = D7649D372887F97200E3F30A /* Artistep.app */;
			productType = "com.apple.product-type.application";
		};
/* End PBXNativeTarget section */

/* Begin PBXProject section */
		D7649D2F2887F97200E3F30A /* Project object */ = {
			isa = PBXProject;
			attributes = {
				BuildIndependentTargetsInParallel = 1;
				LastSwiftUpdateCheck = 1340;
				LastUpgradeCheck = 1340;
				TargetAttributes = {
					D7649D362887F97200E3F30A = {
						CreatedOnToolsVersion = 13.4.1;
					};
				};
			};
			buildConfigurationList = D7649D322887F97200E3F30A /* Build configuration list for PBXProject "Artistep" */;
			compatibilityVersion = "Xcode 13.0";
			developmentRegion = en;
			hasScannedForEncodings = 0;
			knownRegions = (
				en,
				Base,
			);
			mainGroup = D7649D2E2887F97200E3F30A;
			productRefGroup = D7649D382887F97200E3F30A /* Products */;
			projectDirPath = "";
			projectRoot = "";
			targets = (
				D7649D362887F97200E3F30A /* Artistep */,
			);
		};
/* End PBXProject section */

/* Begin PBXResourcesBuildPhase section */
		D7649D352887F97200E3F30A /* Resources */ = {
			isa = PBXResourcesBuildPhase;
			buildActionMask = 2147483647;
			files = (
				D7649D472887F97400E3F30A /* LaunchScreen.storyboard in Resources */,
				AF8EDC9228AE597700AE1ECF /* Page1MainTableViewCell.xib in Resources */,
				D7649D442887F97400E3F30A /* Assets.xcassets in Resources */,
				D7649D422887F97200E3F30A /* Page1Main.storyboard in Resources */,
			);
			runOnlyForDeploymentPostprocessing = 0;
		};
/* End PBXResourcesBuildPhase section */

/* Begin PBXSourcesBuildPhase section */
		D7649D332887F97200E3F30A /* Sources */ = {
			isa = PBXSourcesBuildPhase;
			buildActionMask = 2147483647;
			files = (
				D7649D3F2887F97200E3F30A /* Page1MainController.swift in Sources */,
				AF8EDC9128AE597700AE1ECF /* Page1MainTableViewCell.swift in Sources */,
				D7649D3B2887F97200E3F30A /* AppDelegate.swift in Sources */,
				D7649D3D2887F97200E3F30A /* SceneDelegate.swift in Sources */,
				D7DC801A28ABB152005F7D3B /* Model.swift in Sources */,
			);
			runOnlyForDeploymentPostprocessing = 0;
		};
/* End PBXSourcesBuildPhase section */

/* Begin PBXVariantGroup section */
		D7649D402887F97200E3F30A /* Page1Main.storyboard */ = {
			isa = PBXVariantGroup;
			children = (
				D7649D412887F97200E3F30A /* Base */,
			);
			name = Page1Main.storyboard;
			sourceTree = "<group>";
		};
		D7649D452887F97400E3F30A /* LaunchScreen.storyboard */ = {
			isa = PBXVariantGroup;
			children = (
				D7649D462887F97400E3F30A /* Base */,
			);
			name = LaunchScreen.storyboard;
			sourceTree = "<group>";
		};
/* End PBXVariantGroup section */

/* Begin XCBuildConfiguration section */
		D7649D492887F97400E3F30A /* Debug */ = {
			isa = XCBuildConfiguration;
			buildSettings = {
				ALWAYS_SEARCH_USER_PATHS = NO;
				CLANG_ANALYZER_NONNULL = YES;
				CLANG_ANALYZER_NUMBER_OBJECT_CONVERSION = YES_AGGRESSIVE;
				CLANG_CXX_LANGUAGE_STANDARD = "gnu++17";
				CLANG_ENABLE_MODULES = YES;
				CLANG_ENABLE_OBJC_ARC = YES;
				CLANG_ENABLE_OBJC_WEAK = YES;
				CLANG_WARN_BLOCK_CAPTURE_AUTORELEASING = YES;
				CLANG_WARN_BOOL_CONVERSION = YES;
				CLANG_WARN_COMMA = YES;
				CLANG_WARN_CONSTANT_CONVERSION = YES;
				CLANG_WARN_DEPRECATED_OBJC_IMPLEMENTATIONS = YES;
				CLANG_WARN_DIRECT_OBJC_ISA_USAGE = YES_ERROR;
				CLANG_WARN_DOCUMENTATION_COMMENTS = YES;
				CLANG_WARN_EMPTY_BODY = YES;
				CLANG_WARN_ENUM_CONVERSION = YES;
				CLANG_WARN_INFINITE_RECURSION = YES;
				CLANG_WARN_INT_CONVERSION = YES;
				CLANG_WARN_NON_LITERAL_NULL_CONVERSION = YES;
				CLANG_WARN_OBJC_IMPLICIT_RETAIN_SELF = YES;
				CLANG_WARN_OBJC_LITERAL_CONVERSION = YES;
				CLANG_WARN_OBJC_ROOT_CLASS = YES_ERROR;
				CLANG_WARN_QUOTED_INCLUDE_IN_FRAMEWORK_HEADER = YES;
				CLANG_WARN_RANGE_LOOP_ANALYSIS = YES;
				CLANG_WARN_STRICT_PROTOTYPES = YES;
				CLANG_WARN_SUSPICIOUS_MOVE = YES;
				CLANG_WARN_UNGUARDED_AVAILABILITY = YES_AGGRESSIVE;
				CLANG_WARN_UNREACHABLE_CODE = YES;
				CLANG_WARN__DUPLICATE_METHOD_MATCH = YES;
				COPY_PHASE_STRIP = NO;
				DEBUG_INFORMATION_FORMAT = dwarf;
				ENABLE_STRICT_OBJC_MSGSEND = YES;
				ENABLE_TESTABILITY = YES;
				GCC_C_LANGUAGE_STANDARD = gnu11;
				GCC_DYNAMIC_NO_PIC = NO;
				GCC_NO_COMMON_BLOCKS = YES;
				GCC_OPTIMIZATION_LEVEL = 0;
				GCC_PREPROCESSOR_DEFINITIONS = (
					"DEBUG=1",
					"$(inherited)",
				);
				GCC_WARN_64_TO_32_BIT_CONVERSION = YES;
				GCC_WARN_ABOUT_RETURN_TYPE = YES_ERROR;
				GCC_WARN_UNDECLARED_SELECTOR = YES;
				GCC_WARN_UNINITIALIZED_AUTOS = YES_AGGRESSIVE;
				GCC_WARN_UNUSED_FUNCTION = YES;
				GCC_WARN_UNUSED_VARIABLE = YES;
				IPHONEOS_DEPLOYMENT_TARGET = 15.5;
				MTL_ENABLE_DEBUG_INFO = INCLUDE_SOURCE;
				MTL_FAST_MATH = YES;
				ONLY_ACTIVE_ARCH = YES;
				SDKROOT = iphoneos;
				SWIFT_ACTIVE_COMPILATION_CONDITIONS = DEBUG;
				SWIFT_OPTIMIZATION_LEVEL = "-Onone";
			};
			name = Debug;
		};
		D7649D4A2887F97400E3F30A /* Release */ = {
			isa = XCBuildConfiguration;
			buildSettings = {
				ALWAYS_SEARCH_USER_PATHS = NO;
				CLANG_ANALYZER_NONNULL = YES;
				CLANG_ANALYZER_NUMBER_OBJECT_CONVERSION = YES_AGGRESSIVE;
				CLANG_CXX_LANGUAGE_STANDARD = "gnu++17";
				CLANG_ENABLE_MODULES = YES;
				CLANG_ENABLE_OBJC_ARC = YES;
				CLANG_ENABLE_OBJC_WEAK = YES;
				CLANG_WARN_BLOCK_CAPTURE_AUTORELEASING = YES;
				CLANG_WARN_BOOL_CONVERSION = YES;
				CLANG_WARN_COMMA = YES;
				CLANG_WARN_CONSTANT_CONVERSION = YES;
				CLANG_WARN_DEPRECATED_OBJC_IMPLEMENTATIONS = YES;
				CLANG_WARN_DIRECT_OBJC_ISA_USAGE = YES_ERROR;
				CLANG_WARN_DOCUMENTATION_COMMENTS = YES;
				CLANG_WARN_EMPTY_BODY = YES;
				CLANG_WARN_ENUM_CONVERSION = YES;
				CLANG_WARN_INFINITE_RECURSION = YES;
				CLANG_WARN_INT_CONVERSION = YES;
				CLANG_WARN_NON_LITERAL_NULL_CONVERSION = YES;
				CLANG_WARN_OBJC_IMPLICIT_RETAIN_SELF = YES;
				CLANG_WARN_OBJC_LITERAL_CONVERSION = YES;
				CLANG_WARN_OBJC_ROOT_CLASS = YES_ERROR;
				CLANG_WARN_QUOTED_INCLUDE_IN_FRAMEWORK_HEADER = YES;
				CLANG_WARN_RANGE_LOOP_ANALYSIS = YES;
				CLANG_WARN_STRICT_PROTOTYPES = YES;
				CLANG_WARN_SUSPICIOUS_MOVE = YES;
				CLANG_WARN_UNGUARDED_AVAILABILITY = YES_AGGRESSIVE;
				CLANG_WARN_UNREACHABLE_CODE = YES;
				CLANG_WARN__DUPLICATE_METHOD_MATCH = YES;
				COPY_PHASE_STRIP = NO;
				DEBUG_INFORMATION_FORMAT = "dwarf-with-dsym";
				ENABLE_NS_ASSERTIONS = NO;
				ENABLE_STRICT_OBJC_MSGSEND = YES;
				GCC_C_LANGUAGE_STANDARD = gnu11;
				GCC_NO_COMMON_BLOCKS = YES;
				GCC_WARN_64_TO_32_BIT_CONVERSION = YES;
				GCC_WARN_ABOUT_RETURN_TYPE = YES_ERROR;
				GCC_WARN_UNDECLARED_SELECTOR = YES;
				GCC_WARN_UNINITIALIZED_AUTOS = YES_AGGRESSIVE;
				GCC_WARN_UNUSED_FUNCTION = YES;
				GCC_WARN_UNUSED_VARIABLE = YES;
				IPHONEOS_DEPLOYMENT_TARGET = 15.5;
				MTL_ENABLE_DEBUG_INFO = NO;
				MTL_FAST_MATH = YES;
				SDKROOT = iphoneos;
				SWIFT_COMPILATION_MODE = wholemodule;
				SWIFT_OPTIMIZATION_LEVEL = "-O";
				VALIDATE_PRODUCT = YES;
			};
			name = Release;
		};
		D7649D4C2887F97400E3F30A /* Debug */ = {
			isa = XCBuildConfiguration;
			buildSettings = {
				ASSETCATALOG_COMPILER_APPICON_NAME = AppIcon;
				ASSETCATALOG_COMPILER_GLOBAL_ACCENT_COLOR_NAME = AccentColor;
				CODE_SIGN_STYLE = Automatic;
				CURRENT_PROJECT_VERSION = 1;
				GENERATE_INFOPLIST_FILE = YES;
				INFOPLIST_FILE = Artistep/Resources/Info.plist;
				INFOPLIST_KEY_CFBundleDisplayName = Artistep;
				INFOPLIST_KEY_UIApplicationSupportsIndirectInputEvents = YES;
				INFOPLIST_KEY_UILaunchStoryboardName = LaunchScreen;
				INFOPLIST_KEY_UIMainStoryboardFile = Main;
				INFOPLIST_KEY_UISupportedInterfaceOrientations_iPad = "UIInterfaceOrientationPortrait UIInterfaceOrientationPortraitUpsideDown UIInterfaceOrientationLandscapeLeft UIInterfaceOrientationLandscapeRight";
				INFOPLIST_KEY_UISupportedInterfaceOrientations_iPhone = "UIInterfaceOrientationPortrait UIInterfaceOrientationLandscapeLeft UIInterfaceOrientationLandscapeRight";
				LD_RUNPATH_SEARCH_PATHS = (
					"$(inherited)",
					"@executable_path/Frameworks",
				);
				MARKETING_VERSION = 1.0;
				PRODUCT_BUNDLE_IDENTIFIER = Artistep.Artistep;
				PRODUCT_NAME = "$(TARGET_NAME)";
				SWIFT_EMIT_LOC_STRINGS = YES;
				SWIFT_VERSION = 5.0;
				TARGETED_DEVICE_FAMILY = "1,2";
			};
			name = Debug;
		};
		D7649D4D2887F97400E3F30A /* Release */ = {
			isa = XCBuildConfiguration;
			buildSettings = {
				ASSETCATALOG_COMPILER_APPICON_NAME = AppIcon;
				ASSETCATALOG_COMPILER_GLOBAL_ACCENT_COLOR_NAME = AccentColor;
				CODE_SIGN_STYLE = Automatic;
				CURRENT_PROJECT_VERSION = 1;
				GENERATE_INFOPLIST_FILE = YES;
				INFOPLIST_FILE = Artistep/Resources/Info.plist;
				INFOPLIST_KEY_CFBundleDisplayName = Artistep;
				INFOPLIST_KEY_UIApplicationSupportsIndirectInputEvents = YES;
				INFOPLIST_KEY_UILaunchStoryboardName = LaunchScreen;
				INFOPLIST_KEY_UIMainStoryboardFile = Main;
				INFOPLIST_KEY_UISupportedInterfaceOrientations_iPad = "UIInterfaceOrientationPortrait UIInterfaceOrientationPortraitUpsideDown UIInterfaceOrientationLandscapeLeft UIInterfaceOrientationLandscapeRight";
				INFOPLIST_KEY_UISupportedInterfaceOrientations_iPhone = "UIInterfaceOrientationPortrait UIInterfaceOrientationLandscapeLeft UIInterfaceOrientationLandscapeRight";
				LD_RUNPATH_SEARCH_PATHS = (
					"$(inherited)",
					"@executable_path/Frameworks",
				);
				MARKETING_VERSION = 1.0;
				PRODUCT_BUNDLE_IDENTIFIER = Artistep.Artistep;
				PRODUCT_NAME = "$(TARGET_NAME)";
				SWIFT_EMIT_LOC_STRINGS = YES;
				SWIFT_VERSION = 5.0;
				TARGETED_DEVICE_FAMILY = "1,2";
			};
			name = Release;
		};
/* End XCBuildConfiguration section */

/* Begin XCConfigurationList section */
		D7649D322887F97200E3F30A /* Build configuration list for PBXProject "Artistep" */ = {
			isa = XCConfigurationList;
			buildConfigurations = (
				D7649D492887F97400E3F30A /* Debug */,
				D7649D4A2887F97400E3F30A /* Release */,
			);
			defaultConfigurationIsVisible = 0;
			defaultConfigurationName = Release;
		};
		D7649D4B2887F97400E3F30A /* Build configuration list for PBXNativeTarget "Artistep" */ = {
			isa = XCConfigurationList;
			buildConfigurations = (
				D7649D4C2887F97400E3F30A /* Debug */,
				D7649D4D2887F97400E3F30A /* Release */,
			);
			defaultConfigurationIsVisible = 0;
			defaultConfigurationName = Release;
		};
/* End XCConfigurationList section */
	};
	rootObject = D7649D2F2887F97200E3F30A /* Project object */;
}
