// !$*UTF8*$!
{
	archiveVersion = 1;
	classes = {
	};
	objectVersion = 55;
	objects = {

/* Begin PBXBuildFile section */
		AF8EDC9128AE597700AE1ECF /* MainTableViewCell.swift in Sources */ = {isa = PBXBuildFile; fileRef = AF8EDC8F28AE597700AE1ECF /* MainTableViewCell.swift */; };
		AF8EDC9228AE597700AE1ECF /* MainTableViewCell.xib in Resources */ = {isa = PBXBuildFile; fileRef = AF8EDC9028AE597700AE1ECF /* MainTableViewCell.xib */; };
		D7649D3B2887F97200E3F30A /* AppDelegate.swift in Sources */ = {isa = PBXBuildFile; fileRef = D7649D3A2887F97200E3F30A /* AppDelegate.swift */; };
		D7649D3D2887F97200E3F30A /* SceneDelegate.swift in Sources */ = {isa = PBXBuildFile; fileRef = D7649D3C2887F97200E3F30A /* SceneDelegate.swift */; };
		D7649D3F2887F97200E3F30A /* MainController.swift in Sources */ = {isa = PBXBuildFile; fileRef = D7649D3E2887F97200E3F30A /* MainController.swift */; };
		D7649D422887F97200E3F30A /* Main.storyboard in Resources */ = {isa = PBXBuildFile; fileRef = D7649D402887F97200E3F30A /* Main.storyboard */; };
		D7649D442887F97400E3F30A /* Assets.xcassets in Resources */ = {isa = PBXBuildFile; fileRef = D7649D432887F97400E3F30A /* Assets.xcassets */; };
		D7649D472887F97400E3F30A /* LaunchScreen.storyboard in Resources */ = {isa = PBXBuildFile; fileRef = D7649D452887F97400E3F30A /* LaunchScreen.storyboard */; };
		D7BC035D28B781EF003AB3B1 /* Array+extension.swift in Sources */ = {isa = PBXBuildFile; fileRef = D7BC035C28B781EF003AB3B1 /* Array+extension.swift */; };
		D7BC036B28B783B9003AB3B1 /* Manager.swift in Sources */ = {isa = PBXBuildFile; fileRef = D7BC036A28B783B9003AB3B1 /* Manager.swift */; };
		D7BC036D28B783C5003AB3B1 /* Network.swift in Sources */ = {isa = PBXBuildFile; fileRef = D7BC036C28B783C5003AB3B1 /* Network.swift */; };
		D7BC036F28B783D2003AB3B1 /* DataSendable.swift in Sources */ = {isa = PBXBuildFile; fileRef = D7BC036E28B783D2003AB3B1 /* DataSendable.swift */; };
		D7BC037B28B78420003AB3B1 /* Controller.swift in Sources */ = {isa = PBXBuildFile; fileRef = D7BC037A28B78420003AB3B1 /* Controller.swift */; };
		D7DC801A28ABB152005F7D3B /* Model.swift in Sources */ = {isa = PBXBuildFile; fileRef = D7DC801928ABB152005F7D3B /* Model.swift */; };
/* End PBXBuildFile section */

/* Begin PBXFileReference section */
		AF8EDC8F28AE597700AE1ECF /* MainTableViewCell.swift */ = {isa = PBXFileReference; lastKnownFileType = sourcecode.swift; path = MainTableViewCell.swift; sourceTree = "<group>"; };
		AF8EDC9028AE597700AE1ECF /* MainTableViewCell.xib */ = {isa = PBXFileReference; lastKnownFileType = file.xib; path = MainTableViewCell.xib; sourceTree = "<group>"; };
		D7649D372887F97200E3F30A /* Artistep.app */ = {isa = PBXFileReference; explicitFileType = wrapper.application; includeInIndex = 0; path = Artistep.app; sourceTree = BUILT_PRODUCTS_DIR; };
		D7649D3A2887F97200E3F30A /* AppDelegate.swift */ = {isa = PBXFileReference; lastKnownFileType = sourcecode.swift; path = AppDelegate.swift; sourceTree = "<group>"; };
		D7649D3C2887F97200E3F30A /* SceneDelegate.swift */ = {isa = PBXFileReference; lastKnownFileType = sourcecode.swift; path = SceneDelegate.swift; sourceTree = "<group>"; };
		D7649D3E2887F97200E3F30A /* MainController.swift */ = {isa = PBXFileReference; lastKnownFileType = sourcecode.swift; path = MainController.swift; sourceTree = "<group>"; };
		D7649D412887F97200E3F30A /* Base */ = {isa = PBXFileReference; lastKnownFileType = file.storyboard; name = Base; path = Base.lproj/Main.storyboard; sourceTree = "<group>"; };
		D7649D432887F97400E3F30A /* Assets.xcassets */ = {isa = PBXFileReference; lastKnownFileType = folder.assetcatalog; path = Assets.xcassets; sourceTree = "<group>"; };
		D7649D462887F97400E3F30A /* Base */ = {isa = PBXFileReference; lastKnownFileType = file.storyboard; name = Base; path = Base.lproj/LaunchScreen.storyboard; sourceTree = "<group>"; };
		D7649D482887F97400E3F30A /* Info.plist */ = {isa = PBXFileReference; lastKnownFileType = text.plist.xml; path = Info.plist; sourceTree = "<group>"; };
		D7BC035C28B781EF003AB3B1 /* Array+extension.swift */ = {isa = PBXFileReference; lastKnownFileType = sourcecode.swift; path = "Array+extension.swift"; sourceTree = "<group>"; };
		D7BC036A28B783B9003AB3B1 /* Manager.swift */ = {isa = PBXFileReference; lastKnownFileType = sourcecode.swift; path = Manager.swift; sourceTree = "<group>"; };
		D7BC036C28B783C5003AB3B1 /* Network.swift */ = {isa = PBXFileReference; lastKnownFileType = sourcecode.swift; path = Network.swift; sourceTree = "<group>"; };
		D7BC036E28B783D2003AB3B1 /* DataSendable.swift */ = {isa = PBXFileReference; lastKnownFileType = sourcecode.swift; path = DataSendable.swift; sourceTree = "<group>"; };
		D7BC037028B783DD003AB3B1 /* Model.swift */ = {isa = PBXFileReference; lastKnownFileType = sourcecode.swift; path = Model.swift; sourceTree = "<group>"; };
		D7BC037628B78412003AB3B1 /* Model.swift */ = {isa = PBXFileReference; lastKnownFileType = sourcecode.swift; path = Model.swift; sourceTree = "<group>"; };
		D7BC037828B78418003AB3B1 /* View.swift */ = {isa = PBXFileReference; lastKnownFileType = sourcecode.swift; path = View.swift; sourceTree = "<group>"; };
		D7BC037A28B78420003AB3B1 /* Controller.swift */ = {isa = PBXFileReference; lastKnownFileType = sourcecode.swift; path = Controller.swift; sourceTree = "<group>"; };
		D7BC037C28B7842C003AB3B1 /* Feed.swift */ = {isa = PBXFileReference; lastKnownFileType = sourcecode.swift; path = Feed.swift; sourceTree = "<group>"; };
		D7BC037E28B78439003AB3B1 /* Model.swift */ = {isa = PBXFileReference; lastKnownFileType = sourcecode.swift; path = Model.swift; sourceTree = "<group>"; };
		D7BC038028B78440003AB3B1 /* View.swift */ = {isa = PBXFileReference; lastKnownFileType = sourcecode.swift; path = View.swift; sourceTree = "<group>"; };
		D7BC038228B78449003AB3B1 /* Controller.swift */ = {isa = PBXFileReference; lastKnownFileType = sourcecode.swift; path = Controller.swift; sourceTree = "<group>"; };
		D7BC038428B7845A003AB3B1 /* Model.swift */ = {isa = PBXFileReference; lastKnownFileType = sourcecode.swift; path = Model.swift; sourceTree = "<group>"; };
		D7BC038628B78462003AB3B1 /* View.swift */ = {isa = PBXFileReference; lastKnownFileType = sourcecode.swift; path = View.swift; sourceTree = "<group>"; };
		D7BC038828B7846A003AB3B1 /* Controller.swift */ = {isa = PBXFileReference; lastKnownFileType = sourcecode.swift; path = Controller.swift; sourceTree = "<group>"; };
		D7BC038A28B78477003AB3B1 /* Board.swift */ = {isa = PBXFileReference; lastKnownFileType = sourcecode.swift; path = Board.swift; sourceTree = "<group>"; };
		D7BC038C28B7847E003AB3B1 /* Feed.swift */ = {isa = PBXFileReference; lastKnownFileType = sourcecode.swift; path = Feed.swift; sourceTree = "<group>"; };
		D7BC038E28B78484003AB3B1 /* Feed.swift */ = {isa = PBXFileReference; lastKnownFileType = sourcecode.swift; path = Feed.swift; sourceTree = "<group>"; };
		D7BC039028B78490003AB3B1 /* Page.swift */ = {isa = PBXFileReference; lastKnownFileType = sourcecode.swift; path = Page.swift; sourceTree = "<group>"; };
		D7BC039228B7849B003AB3B1 /* Profile.swift */ = {isa = PBXFileReference; lastKnownFileType = sourcecode.swift; path = Profile.swift; sourceTree = "<group>"; };
		D7BC039428B784A3003AB3B1 /* FollowList.swift */ = {isa = PBXFileReference; lastKnownFileType = sourcecode.swift; path = FollowList.swift; sourceTree = "<group>"; };
		D7DC801928ABB152005F7D3B /* Model.swift */ = {isa = PBXFileReference; lastKnownFileType = sourcecode.swift; path = Model.swift; sourceTree = "<group>"; };
/* End PBXFileReference section */

/* Begin PBXFrameworksBuildPhase section */
		D7649D342887F97200E3F30A /* Frameworks */ = {
			isa = PBXFrameworksBuildPhase;
			buildActionMask = 2147483647;
			files = (
			);
			runOnlyForDeploymentPostprocessing = 0;
		};
/* End PBXFrameworksBuildPhase section */

/* Begin PBXGroup section */
		D73D1B5528885997003CBA5B /* Resources */ = {
			isa = PBXGroup;
			children = (
				D7649D482887F97400E3F30A /* Info.plist */,
				D7649D3A2887F97200E3F30A /* AppDelegate.swift */,
				D7649D3C2887F97200E3F30A /* SceneDelegate.swift */,
				D7649D432887F97400E3F30A /* Assets.xcassets */,
			);
			path = Resources;
			sourceTree = "<group>";
		};
		D73D1B56288859A3003CBA5B /* View */ = {
			isa = PBXGroup;
			children = (
				D7649D402887F97200E3F30A /* Main.storyboard */,
				AF8EDC9028AE597700AE1ECF /* MainTableViewCell.xib */,
				AF8EDC8F28AE597700AE1ECF /* MainTableViewCell.swift */,
				D7649D452887F97400E3F30A /* LaunchScreen.storyboard */,
			);
			path = View;
			sourceTree = "<group>";
		};
		D73D1B57288859AA003CBA5B /* Controller */ = {
			isa = PBXGroup;
			children = (
				D7649D3E2887F97200E3F30A /* MainController.swift */,
			);
			path = Controller;
			sourceTree = "<group>";
		};
		D7649D2E2887F97200E3F30A = {
			isa = PBXGroup;
			children = (
				D7649D392887F97200E3F30A /* Artistep */,
				D7649D382887F97200E3F30A /* Products */,
			);
			sourceTree = "<group>";
		};
		D7649D382887F97200E3F30A /* Products */ = {
			isa = PBXGroup;
			children = (
				D7649D372887F97200E3F30A /* Artistep.app */,
			);
			name = Products;
			sourceTree = "<group>";
		};
		D7649D392887F97200E3F30A /* Artistep */ = {
			isa = PBXGroup;
			children = (
				D7BC036028B78267003AB3B1 /* Manager */,
				D7BC035F28B78259003AB3B1 /* Network */,
				D7BC035E28B78251003AB3B1 /* Protocol */,
				D7BC035B28B78189003AB3B1 /* Common */,
				D7BC035A28B78182003AB3B1 /* Extension */,
				D7BC034A28B77F5C003AB3B1 /* Scene */,
				D73D1B5528885997003CBA5B /* Resources */,
			);
			path = Artistep;
			sourceTree = "<group>";
		};
		D7BC034A28B77F5C003AB3B1 /* Scene */ = {
			isa = PBXGroup;
			children = (
				D7BC034F28B77F75003AB3B1 /* Page1 */,
				D7BC034E28B77F71003AB3B1 /* Page2 */,
				D7BC034D28B77F6C003AB3B1 /* Page3 */,
				D7BC034C28B77F67003AB3B1 /* Page4 */,
				D7BC034B28B77F61003AB3B1 /* Page5 */,
			);
			path = Scene;
			sourceTree = "<group>";
		};
		D7BC034B28B77F61003AB3B1 /* Page5 */ = {
			isa = PBXGroup;
			children = (
				D7BC035828B78119003AB3B1 /* Profile */,
				D7BC035928B7813E003AB3B1 /* FollowList */,
			);
			path = Page5;
			sourceTree = "<group>";
		};
		D7BC034C28B77F67003AB3B1 /* Page4 */ = {
			isa = PBXGroup;
			children = (
				D7BC039028B78490003AB3B1 /* Page.swift */,
			);
			path = Page4;
			sourceTree = "<group>";
		};
		D7BC034D28B77F6C003AB3B1 /* Page3 */ = {
			isa = PBXGroup;
			children = (
				D7BC035528B78030003AB3B1 /* BulletinBoard */,
				D7BC035628B780B1003AB3B1 /* PostFeed */,
				D7BC035728B780DC003AB3B1 /* DetailFeed */,
			);
			path = Page3;
			sourceTree = "<group>";
		};
		D7BC034E28B77F71003AB3B1 /* Page2 */ = {
			isa = PBXGroup;
			children = (
				D7BC035328B77FF1003AB3B1 /* Main */,
				D7BC035428B7800F003AB3B1 /* Ranking */,
			);
			path = Page2;
			sourceTree = "<group>";
		};
		D7BC034F28B77F75003AB3B1 /* Page1 */ = {
			isa = PBXGroup;
			children = (
				D7BC035028B77F7F003AB3B1 /* Main */,
				D7BC035128B77F83003AB3B1 /* Comment */,
				D7BC035228B77FA6003AB3B1 /* PostFeed */,
			);
			path = Page1;
			sourceTree = "<group>";
		};
		D7BC035028B77F7F003AB3B1 /* Main */ = {
			isa = PBXGroup;
			children = (
				D7DC801828ABAFDF005F7D3B /* Model */,
				D73D1B56288859A3003CBA5B /* View */,
				D73D1B57288859AA003CBA5B /* Controller */,
			);
			path = Main;
			sourceTree = "<group>";
		};
		D7BC035128B77F83003AB3B1 /* Comment */ = {
			isa = PBXGroup;
			children = (
				D7BC036328B7833E003AB3B1 /* Model */,
				D7BC036228B7833A003AB3B1 /* View */,
				D7BC036128B78332003AB3B1 /* Controller */,
			);
			path = Comment;
			sourceTree = "<group>";
		};
		D7BC035228B77FA6003AB3B1 /* PostFeed */ = {
			isa = PBXGroup;
			children = (
				D7BC037C28B7842C003AB3B1 /* Feed.swift */,
			);
			path = PostFeed;
			sourceTree = "<group>";
		};
		D7BC035328B77FF1003AB3B1 /* Main */ = {
			isa = PBXGroup;
			children = (
				D7BC036628B7834C003AB3B1 /* Model */,
				D7BC036528B7834A003AB3B1 /* View */,
				D7BC036428B78344003AB3B1 /* Controller */,
			);
			path = Main;
			sourceTree = "<group>";
		};
		D7BC035428B7800F003AB3B1 /* Ranking */ = {
			isa = PBXGroup;
			children = (
				D7BC036928B78358003AB3B1 /* Model */,
				D7BC036828B78355003AB3B1 /* View */,
				D7BC036728B78352003AB3B1 /* Controller */,
			);
			path = Ranking;
			sourceTree = "<group>";
		};
		D7BC035528B78030003AB3B1 /* BulletinBoard */ = {
			isa = PBXGroup;
			children = (
				D7BC038A28B78477003AB3B1 /* Board.swift */,
			);
			path = BulletinBoard;
			sourceTree = "<group>";
		};
		D7BC035628B780B1003AB3B1 /* PostFeed */ = {
			isa = PBXGroup;
			children = (
				D7BC038C28B7847E003AB3B1 /* Feed.swift */,
			);
			path = PostFeed;
			sourceTree = "<group>";
		};
		D7BC035728B780DC003AB3B1 /* DetailFeed */ = {
			isa = PBXGroup;
			children = (
				D7BC038E28B78484003AB3B1 /* Feed.swift */,
			);
			path = DetailFeed;
			sourceTree = "<group>";
		};
		D7BC035828B78119003AB3B1 /* Profile */ = {
			isa = PBXGroup;
			children = (
				D7BC039228B7849B003AB3B1 /* Profile.swift */,
			);
			path = Profile;
			sourceTree = "<group>";
		};
		D7BC035928B7813E003AB3B1 /* FollowList */ = {
			isa = PBXGroup;
			children = (
				D7BC039428B784A3003AB3B1 /* FollowList.swift */,
			);
			path = FollowList;
			sourceTree = "<group>";
		};
		D7BC035A28B78182003AB3B1 /* Extension */ = {
			isa = PBXGroup;
			children = (
				D7BC035C28B781EF003AB3B1 /* Array+extension.swift */,
			);
			path = Extension;
			sourceTree = "<group>";
		};
		D7BC035B28B78189003AB3B1 /* Common */ = {
			isa = PBXGroup;
			children = (
				D7BC037028B783DD003AB3B1 /* Model.swift */,
			);
			path = Common;
			sourceTree = "<group>";
		};
		D7BC035E28B78251003AB3B1 /* Protocol */ = {
			isa = PBXGroup;
			children = (
				D7BC036E28B783D2003AB3B1 /* DataSendable.swift */,
			);
			path = Protocol;
			sourceTree = "<group>";
		};
		D7BC035F28B78259003AB3B1 /* Network */ = {
			isa = PBXGroup;
			children = (
				D7BC036C28B783C5003AB3B1 /* Network.swift */,
			);
			path = Network;
			sourceTree = "<group>";
		};
		D7BC036028B78267003AB3B1 /* Manager */ = {
			isa = PBXGroup;
			children = (
				D7BC036A28B783B9003AB3B1 /* Manager.swift */,
			);
			path = Manager;
			sourceTree = "<group>";
		};
		D7BC036128B78332003AB3B1 /* Controller */ = {
			isa = PBXGroup;
			children = (
				D7BC037A28B78420003AB3B1 /* Controller.swift */,
			);
			path = Controller;
			sourceTree = "<group>";
		};
		D7BC036228B7833A003AB3B1 /* View */ = {
			isa = PBXGroup;
			children = (
				D7BC037828B78418003AB3B1 /* View.swift */,
			);
			path = View;
			sourceTree = "<group>";
		};
		D7BC036328B7833E003AB3B1 /* Model */ = {
			isa = PBXGroup;
			children = (
				D7BC037628B78412003AB3B1 /* Model.swift */,
			);
			path = Model;
			sourceTree = "<group>";
		};
		D7BC036428B78344003AB3B1 /* Controller */ = {
			isa = PBXGroup;
			children = (
				D7BC038228B78449003AB3B1 /* Controller.swift */,
			);
			path = Controller;
			sourceTree = "<group>";
		};
		D7BC036528B7834A003AB3B1 /* View */ = {
			isa = PBXGroup;
			children = (
				D7BC038028B78440003AB3B1 /* View.swift */,
			);
			path = View;
			sourceTree = "<group>";
		};
		D7BC036628B7834C003AB3B1 /* Model */ = {
			isa = PBXGroup;
			children = (
				D7BC037E28B78439003AB3B1 /* Model.swift */,
			);
			path = Model;
			sourceTree = "<group>";
		};
		D7BC036728B78352003AB3B1 /* Controller */ = {
			isa = PBXGroup;
			children = (
				D7BC038828B7846A003AB3B1 /* Controller.swift */,
			);
			path = Controller;
			sourceTree = "<group>";
		};
		D7BC036828B78355003AB3B1 /* View */ = {
			isa = PBXGroup;
			children = (
				D7BC038628B78462003AB3B1 /* View.swift */,
			);
			path = View;
			sourceTree = "<group>";
		};
		D7BC036928B78358003AB3B1 /* Model */ = {
			isa = PBXGroup;
			children = (
				D7BC038428B7845A003AB3B1 /* Model.swift */,
			);
			path = Model;
			sourceTree = "<group>";
		};
		D7DC801828ABAFDF005F7D3B /* Model */ = {
			isa = PBXGroup;
			children = (
				D7DC801928ABB152005F7D3B /* Model.swift */,
			);
			path = Model;
			sourceTree = "<group>";
		};
/* End PBXGroup section */

/* Begin PBXNativeTarget section */
		D7649D362887F97200E3F30A /* Artistep */ = {
			isa = PBXNativeTarget;
			buildConfigurationList = D7649D4B2887F97400E3F30A /* Build configuration list for PBXNativeTarget "Artistep" */;
			buildPhases = (
				D7649D332887F97200E3F30A /* Sources */,
				D7649D342887F97200E3F30A /* Frameworks */,
				D7649D352887F97200E3F30A /* Resources */,
			);
			buildRules = (
			);
			dependencies = (
			);
			name = Artistep;
			productName = Atrtistep;
			productReference = D7649D372887F97200E3F30A /* Artistep.app */;
			productType = "com.apple.product-type.application";
		};
/* End PBXNativeTarget section */

/* Begin PBXProject section */
		D7649D2F2887F97200E3F30A /* Project object */ = {
			isa = PBXProject;
			attributes = {
				BuildIndependentTargetsInParallel = 1;
				LastSwiftUpdateCheck = 1340;
				LastUpgradeCheck = 1340;
				TargetAttributes = {
					D7649D362887F97200E3F30A = {
						CreatedOnToolsVersion = 13.4.1;
					};
				};
			};
			buildConfigurationList = D7649D322887F97200E3F30A /* Build configuration list for PBXProject "Artistep" */;
			compatibilityVersion = "Xcode 13.0";
			developmentRegion = en;
			hasScannedForEncodings = 0;
			knownRegions = (
				en,
				Base,
			);
			mainGroup = D7649D2E2887F97200E3F30A;
			productRefGroup = D7649D382887F97200E3F30A /* Products */;
			projectDirPath = "";
			projectRoot = "";
			targets = (
				D7649D362887F97200E3F30A /* Artistep */,
			);
		};
/* End PBXProject section */

/* Begin PBXResourcesBuildPhase section */
		D7649D352887F97200E3F30A /* Resources */ = {
			isa = PBXResourcesBuildPhase;
			buildActionMask = 2147483647;
			files = (
				D7649D472887F97400E3F30A /* LaunchScreen.storyboard in Resources */,
				AF8EDC9228AE597700AE1ECF /* MainTableViewCell.xib in Resources */,
				D7649D442887F97400E3F30A /* Assets.xcassets in Resources */,
				D7649D422887F97200E3F30A /* Main.storyboard in Resources */,
			);
			runOnlyForDeploymentPostprocessing = 0;
		};
/* End PBXResourcesBuildPhase section */

/* Begin PBXSourcesBuildPhase section */
		D7649D332887F97200E3F30A /* Sources */ = {
			isa = PBXSourcesBuildPhase;
			buildActionMask = 2147483647;
			files = (
				D7649D3F2887F97200E3F30A /* MainController.swift in Sources */,
				AF8EDC9128AE597700AE1ECF /* MainTableViewCell.swift in Sources */,
				D7BC036D28B783C5003AB3B1 /* Network.swift in Sources */,
				D7BC036F28B783D2003AB3B1 /* DataSendable.swift in Sources */,
				D7649D3B2887F97200E3F30A /* AppDelegate.swift in Sources */,
				D7BC035D28B781EF003AB3B1 /* Array+extension.swift in Sources */,
				D7BC037B28B78420003AB3B1 /* Controller.swift in Sources */,
				D7BC036B28B783B9003AB3B1 /* Manager.swift in Sources */,
				D7649D3D2887F97200E3F30A /* SceneDelegate.swift in Sources */,
				D7DC801A28ABB152005F7D3B /* Model.swift in Sources */,
			);
			runOnlyForDeploymentPostprocessing = 0;
		};
/* End PBXSourcesBuildPhase section */

/* Begin PBXVariantGroup section */
		D7649D402887F97200E3F30A /* Main.storyboard */ = {
			isa = PBXVariantGroup;
			children = (
				D7649D412887F97200E3F30A /* Base */,
			);
			name = Main.storyboard;
			sourceTree = "<group>";
		};
		D7649D452887F97400E3F30A /* LaunchScreen.storyboard */ = {
			isa = PBXVariantGroup;
			children = (
				D7649D462887F97400E3F30A /* Base */,
			);
			name = LaunchScreen.storyboard;
			sourceTree = "<group>";
		};
/* End PBXVariantGroup section */

/* Begin XCBuildConfiguration section */
		D7649D492887F97400E3F30A /* Debug */ = {
			isa = XCBuildConfiguration;
			buildSettings = {
				ALWAYS_SEARCH_USER_PATHS = NO;
				CLANG_ANALYZER_NONNULL = YES;
				CLANG_ANALYZER_NUMBER_OBJECT_CONVERSION = YES_AGGRESSIVE;
				CLANG_CXX_LANGUAGE_STANDARD = "gnu++17";
				CLANG_ENABLE_MODULES = YES;
				CLANG_ENABLE_OBJC_ARC = YES;
				CLANG_ENABLE_OBJC_WEAK = YES;
				CLANG_WARN_BLOCK_CAPTURE_AUTORELEASING = YES;
				CLANG_WARN_BOOL_CONVERSION = YES;
				CLANG_WARN_COMMA = YES;
				CLANG_WARN_CONSTANT_CONVERSION = YES;
				CLANG_WARN_DEPRECATED_OBJC_IMPLEMENTATIONS = YES;
				CLANG_WARN_DIRECT_OBJC_ISA_USAGE = YES_ERROR;
				CLANG_WARN_DOCUMENTATION_COMMENTS = YES;
				CLANG_WARN_EMPTY_BODY = YES;
				CLANG_WARN_ENUM_CONVERSION = YES;
				CLANG_WARN_INFINITE_RECURSION = YES;
				CLANG_WARN_INT_CONVERSION = YES;
				CLANG_WARN_NON_LITERAL_NULL_CONVERSION = YES;
				CLANG_WARN_OBJC_IMPLICIT_RETAIN_SELF = YES;
				CLANG_WARN_OBJC_LITERAL_CONVERSION = YES;
				CLANG_WARN_OBJC_ROOT_CLASS = YES_ERROR;
				CLANG_WARN_QUOTED_INCLUDE_IN_FRAMEWORK_HEADER = YES;
				CLANG_WARN_RANGE_LOOP_ANALYSIS = YES;
				CLANG_WARN_STRICT_PROTOTYPES = YES;
				CLANG_WARN_SUSPICIOUS_MOVE = YES;
				CLANG_WARN_UNGUARDED_AVAILABILITY = YES_AGGRESSIVE;
				CLANG_WARN_UNREACHABLE_CODE = YES;
				CLANG_WARN__DUPLICATE_METHOD_MATCH = YES;
				COPY_PHASE_STRIP = NO;
				DEBUG_INFORMATION_FORMAT = dwarf;
				ENABLE_STRICT_OBJC_MSGSEND = YES;
				ENABLE_TESTABILITY = YES;
				GCC_C_LANGUAGE_STANDARD = gnu11;
				GCC_DYNAMIC_NO_PIC = NO;
				GCC_NO_COMMON_BLOCKS = YES;
				GCC_OPTIMIZATION_LEVEL = 0;
				GCC_PREPROCESSOR_DEFINITIONS = (
					"DEBUG=1",
					"$(inherited)",
				);
				GCC_WARN_64_TO_32_BIT_CONVERSION = YES;
				GCC_WARN_ABOUT_RETURN_TYPE = YES_ERROR;
				GCC_WARN_UNDECLARED_SELECTOR = YES;
				GCC_WARN_UNINITIALIZED_AUTOS = YES_AGGRESSIVE;
				GCC_WARN_UNUSED_FUNCTION = YES;
				GCC_WARN_UNUSED_VARIABLE = YES;
				IPHONEOS_DEPLOYMENT_TARGET = 15.5;
				MTL_ENABLE_DEBUG_INFO = INCLUDE_SOURCE;
				MTL_FAST_MATH = YES;
				ONLY_ACTIVE_ARCH = YES;
				SDKROOT = iphoneos;
				SWIFT_ACTIVE_COMPILATION_CONDITIONS = DEBUG;
				SWIFT_OPTIMIZATION_LEVEL = "-Onone";
			};
			name = Debug;
		};
		D7649D4A2887F97400E3F30A /* Release */ = {
			isa = XCBuildConfiguration;
			buildSettings = {
				ALWAYS_SEARCH_USER_PATHS = NO;
				CLANG_ANALYZER_NONNULL = YES;
				CLANG_ANALYZER_NUMBER_OBJECT_CONVERSION = YES_AGGRESSIVE;
				CLANG_CXX_LANGUAGE_STANDARD = "gnu++17";
				CLANG_ENABLE_MODULES = YES;
				CLANG_ENABLE_OBJC_ARC = YES;
				CLANG_ENABLE_OBJC_WEAK = YES;
				CLANG_WARN_BLOCK_CAPTURE_AUTORELEASING = YES;
				CLANG_WARN_BOOL_CONVERSION = YES;
				CLANG_WARN_COMMA = YES;
				CLANG_WARN_CONSTANT_CONVERSION = YES;
				CLANG_WARN_DEPRECATED_OBJC_IMPLEMENTATIONS = YES;
				CLANG_WARN_DIRECT_OBJC_ISA_USAGE = YES_ERROR;
				CLANG_WARN_DOCUMENTATION_COMMENTS = YES;
				CLANG_WARN_EMPTY_BODY = YES;
				CLANG_WARN_ENUM_CONVERSION = YES;
				CLANG_WARN_INFINITE_RECURSION = YES;
				CLANG_WARN_INT_CONVERSION = YES;
				CLANG_WARN_NON_LITERAL_NULL_CONVERSION = YES;
				CLANG_WARN_OBJC_IMPLICIT_RETAIN_SELF = YES;
				CLANG_WARN_OBJC_LITERAL_CONVERSION = YES;
				CLANG_WARN_OBJC_ROOT_CLASS = YES_ERROR;
				CLANG_WARN_QUOTED_INCLUDE_IN_FRAMEWORK_HEADER = YES;
				CLANG_WARN_RANGE_LOOP_ANALYSIS = YES;
				CLANG_WARN_STRICT_PROTOTYPES = YES;
				CLANG_WARN_SUSPICIOUS_MOVE = YES;
				CLANG_WARN_UNGUARDED_AVAILABILITY = YES_AGGRESSIVE;
				CLANG_WARN_UNREACHABLE_CODE = YES;
				CLANG_WARN__DUPLICATE_METHOD_MATCH = YES;
				COPY_PHASE_STRIP = NO;
				DEBUG_INFORMATION_FORMAT = "dwarf-with-dsym";
				ENABLE_NS_ASSERTIONS = NO;
				ENABLE_STRICT_OBJC_MSGSEND = YES;
				GCC_C_LANGUAGE_STANDARD = gnu11;
				GCC_NO_COMMON_BLOCKS = YES;
				GCC_WARN_64_TO_32_BIT_CONVERSION = YES;
				GCC_WARN_ABOUT_RETURN_TYPE = YES_ERROR;
				GCC_WARN_UNDECLARED_SELECTOR = YES;
				GCC_WARN_UNINITIALIZED_AUTOS = YES_AGGRESSIVE;
				GCC_WARN_UNUSED_FUNCTION = YES;
				GCC_WARN_UNUSED_VARIABLE = YES;
				IPHONEOS_DEPLOYMENT_TARGET = 15.5;
				MTL_ENABLE_DEBUG_INFO = NO;
				MTL_FAST_MATH = YES;
				SDKROOT = iphoneos;
				SWIFT_COMPILATION_MODE = wholemodule;
				SWIFT_OPTIMIZATION_LEVEL = "-O";
				VALIDATE_PRODUCT = YES;
			};
			name = Release;
		};
		D7649D4C2887F97400E3F30A /* Debug */ = {
			isa = XCBuildConfiguration;
			buildSettings = {
				ASSETCATALOG_COMPILER_APPICON_NAME = AppIcon;
				ASSETCATALOG_COMPILER_GLOBAL_ACCENT_COLOR_NAME = AccentColor;
				CODE_SIGN_STYLE = Automatic;
				CURRENT_PROJECT_VERSION = 1;
				GENERATE_INFOPLIST_FILE = YES;
				INFOPLIST_FILE = Artistep/Resources/Info.plist;
				INFOPLIST_KEY_CFBundleDisplayName = Artistep;
				INFOPLIST_KEY_UIApplicationSupportsIndirectInputEvents = YES;
				INFOPLIST_KEY_UILaunchStoryboardName = LaunchScreen;
				INFOPLIST_KEY_UIMainStoryboardFile = Page1Main;
				INFOPLIST_KEY_UISupportedInterfaceOrientations_iPad = "UIInterfaceOrientationPortrait UIInterfaceOrientationPortraitUpsideDown UIInterfaceOrientationLandscapeLeft UIInterfaceOrientationLandscapeRight";
				INFOPLIST_KEY_UISupportedInterfaceOrientations_iPhone = "UIInterfaceOrientationPortrait UIInterfaceOrientationLandscapeLeft UIInterfaceOrientationLandscapeRight";
				LD_RUNPATH_SEARCH_PATHS = (
					"$(inherited)",
					"@executable_path/Frameworks",
				);
				MARKETING_VERSION = 1.0;
				PRODUCT_BUNDLE_IDENTIFIER = Artistep.Artistep;
				PRODUCT_NAME = "$(TARGET_NAME)";
				SWIFT_EMIT_LOC_STRINGS = YES;
				SWIFT_VERSION = 5.0;
				TARGETED_DEVICE_FAMILY = "1,2";
			};
			name = Debug;
		};
		D7649D4D2887F97400E3F30A /* Release */ = {
			isa = XCBuildConfiguration;
			buildSettings = {
				ASSETCATALOG_COMPILER_APPICON_NAME = AppIcon;
				ASSETCATALOG_COMPILER_GLOBAL_ACCENT_COLOR_NAME = AccentColor;
				CODE_SIGN_STYLE = Automatic;
				CURRENT_PROJECT_VERSION = 1;
				GENERATE_INFOPLIST_FILE = YES;
				INFOPLIST_FILE = Artistep/Resources/Info.plist;
				INFOPLIST_KEY_CFBundleDisplayName = Artistep;
				INFOPLIST_KEY_UIApplicationSupportsIndirectInputEvents = YES;
				INFOPLIST_KEY_UILaunchStoryboardName = LaunchScreen;
				INFOPLIST_KEY_UIMainStoryboardFile = Page1Main;
				INFOPLIST_KEY_UISupportedInterfaceOrientations_iPad = "UIInterfaceOrientationPortrait UIInterfaceOrientationPortraitUpsideDown UIInterfaceOrientationLandscapeLeft UIInterfaceOrientationLandscapeRight";
				INFOPLIST_KEY_UISupportedInterfaceOrientations_iPhone = "UIInterfaceOrientationPortrait UIInterfaceOrientationLandscapeLeft UIInterfaceOrientationLandscapeRight";
				LD_RUNPATH_SEARCH_PATHS = (
					"$(inherited)",
					"@executable_path/Frameworks",
				);
				MARKETING_VERSION = 1.0;
				PRODUCT_BUNDLE_IDENTIFIER = Artistep.Artistep;
				PRODUCT_NAME = "$(TARGET_NAME)";
				SWIFT_EMIT_LOC_STRINGS = YES;
				SWIFT_VERSION = 5.0;
				TARGETED_DEVICE_FAMILY = "1,2";
			};
			name = Release;
		};
/* End XCBuildConfiguration section */

/* Begin XCConfigurationList section */
		D7649D322887F97200E3F30A /* Build configuration list for PBXProject "Artistep" */ = {
			isa = XCConfigurationList;
			buildConfigurations = (
				D7649D492887F97400E3F30A /* Debug */,
				D7649D4A2887F97400E3F30A /* Release */,
			);
			defaultConfigurationIsVisible = 0;
			defaultConfigurationName = Release;
		};
		D7649D4B2887F97400E3F30A /* Build configuration list for PBXNativeTarget "Artistep" */ = {
			isa = XCConfigurationList;
			buildConfigurations = (
				D7649D4C2887F97400E3F30A /* Debug */,
				D7649D4D2887F97400E3F30A /* Release */,
			);
			defaultConfigurationIsVisible = 0;
			defaultConfigurationName = Release;
		};
/* End XCConfigurationList section */
	};
	rootObject = D7649D2F2887F97200E3F30A /* Project object */;
}
